
Microsoft Visual Studio Solution File, Format Version 12.00
# Visual Studio Version 17
VisualStudioVersion = 17.13.35931.197 d17.13
MinimumVisualStudioVersion = 10.0.40219.1
Project("{FAE04EC0-301F-11D3-BF4B-00C04F79EFBC}") = "pos-system", "pos-system.csproj", "{97336C4A-131F-4EA1-A6FD-07233E951226}"
EndProject
Global
	GlobalSection(SolutionConfigurationPlatforms) = preSolution
		Debug|Any CPU = Debug|Any CPU
		Release|Any CPU = Release|Any CPU
	EndGlobalSection
	GlobalSection(ProjectConfigurationPlatforms) = postSolution
		{97336C4A-131F-4EA1-A6FD-07233E951226}.Debug|Any CPU.ActiveCfg = Debug|Any CPU
		{97336C4A-131F-4EA1-A6FD-07233E951226}.Debug|Any CPU.Build.0 = Debug|Any CPU
		{97336C4A-131F-4EA1-A6FD-07233E951226}.Release|Any CPU.ActiveCfg = Release|Any CPU
		{97336C4A-131F-4EA1-A6FD-07233E951226}.Release|Any CPU.Build.0 = Release|Any CPU
	EndGlobalSection
	GlobalSection(SolutionProperties) = preSolution
		HideSolutionNode = FALSE
	EndGlobalSection
	GlobalSection(ExtensibilityGlobals) = postSolution
		SolutionGuid = {4FBFAD0C-51A0-439F-8BA5-611CFDED4369}
	EndGlobalSection
EndGlobal
